schema: '2.0'
stages:
  preprocess:
    cmd: python preprocess.py
    deps:
    - path: preprocess.py
      hash: md5
      md5: 5dbc9a6f413db2a11c8ac979a0b7a744
      size: 547
    outs:
    - path: data/test.csv
      hash: md5
      md5: b0a1dbeb7586d88a8be61abde64f9114
      size: 18511
    - path: data/train.csv
      hash: md5
      md5: d6dded45f97a8e239b8321d3fdc695b7
      size: 73634
  train:
    cmd: python train.py
    deps:
    - path: data/train.csv
      hash: md5
      md5: d6dded45f97a8e239b8321d3fdc695b7
      size: 73634
    - path: train.py
      hash: md5
      md5: 9f7cb582526f4a17f4faa1389096da79
      size: 737
    params:
      params.yaml:
        train.model_type: random_forest
        train.n_estimators: 50
    outs:
    - path: model.joblib
      hash: md5
      md5: 4830a02e854335b504f4b42b8f5bfa23
      size: 3164073
  validate:
    cmd: python validate.py
    deps:
    - path: data/test.csv
      hash: md5
      md5: b0a1dbeb7586d88a8be61abde64f9114
      size: 18511
    - path: model.joblib
      hash: md5
      md5: 4830a02e854335b504f4b42b8f5bfa23
      size: 3164073
    - path: validate.py
      hash: md5
      md5: 754939517f9142d6b6065fe6e26db9c1
      size: 750
    outs:
    - path: metrics.json
      hash: md5
      md5: 29b39c1306430c2c276570691cf87b96
      size: 63
    - path: predictions.csv
      hash: md5
      md5: a53b3d02ef4aeb087e7ad13233257324
      size: 1297
